// !$*UTF8*$!
{
	archiveVersion = 1;
	classes = {
	};
	objectVersion = 50;
	objects = {

/* Begin PBXBuildFile section */
		36C4F32C257F018B00C015C6 /* AppDelegate.swift in Sources */ = {isa = PBXBuildFile; fileRef = 36C4F32B257F018B00C015C6 /* AppDelegate.swift */; };
		36C4F32E257F018B00C015C6 /* SceneDelegate.swift in Sources */ = {isa = PBXBuildFile; fileRef = 36C4F32D257F018B00C015C6 /* SceneDelegate.swift */; };
		36C4F330257F018B00C015C6 /* MoviesListController.swift in Sources */ = {isa = PBXBuildFile; fileRef = 36C4F32F257F018B00C015C6 /* MoviesListController.swift */; };
		36C4F333257F018B00C015C6 /* Main.storyboard in Resources */ = {isa = PBXBuildFile; fileRef = 36C4F331257F018B00C015C6 /* Main.storyboard */; };
		36C4F335257F018E00C015C6 /* Assets.xcassets in Resources */ = {isa = PBXBuildFile; fileRef = 36C4F334257F018E00C015C6 /* Assets.xcassets */; };
		36C4F338257F018E00C015C6 /* LaunchScreen.storyboard in Resources */ = {isa = PBXBuildFile; fileRef = 36C4F336257F018E00C015C6 /* LaunchScreen.storyboard */; };
		36C4F34F257F099700C015C6 /* NetworkManager.swift in Sources */ = {isa = PBXBuildFile; fileRef = 36C4F34E257F099700C015C6 /* NetworkManager.swift */; };
		36C4F351257F09F300C015C6 /* EndPoints.swift in Sources */ = {isa = PBXBuildFile; fileRef = 36C4F350257F09F300C015C6 /* EndPoints.swift */; };
		36C4F353257F0AF800C015C6 /* NetworkError.swift in Sources */ = {isa = PBXBuildFile; fileRef = 36C4F352257F0AF800C015C6 /* NetworkError.swift */; };
		36C4F35C257F2DB400C015C6 /* MoviesList.json in Resources */ = {isa = PBXBuildFile; fileRef = 36C4F35B257F2DB400C015C6 /* MoviesList.json */; };
		36C4F35E257F2F6800C015C6 /* MovieItem_tests.swift in Sources */ = {isa = PBXBuildFile; fileRef = 36C4F35D257F2F6800C015C6 /* MovieItem_tests.swift */; };
		36C4F35F257F3B3D00C015C6 /* MovieItem.swift in Sources */ = {isa = PBXBuildFile; fileRef = 36C4F359257F294700C015C6 /* MovieItem.swift */; };
		36C4F361257F3DF800C015C6 /* NetworkSessionProtocol.swift in Sources */ = {isa = PBXBuildFile; fileRef = 36C4F360257F3DF800C015C6 /* NetworkSessionProtocol.swift */; };
		36C4F363257F3E2B00C015C6 /* URLSessionMock.swift in Sources */ = {isa = PBXBuildFile; fileRef = 36C4F362257F3E2B00C015C6 /* URLSessionMock.swift */; };
		36C4F365257F3E6900C015C6 /* URLSession + Extensions.swift in Sources */ = {isa = PBXBuildFile; fileRef = 36C4F364257F3E6900C015C6 /* URLSession + Extensions.swift */; };
		36C4F367257F470400C015C6 /* MovieItem.swift in Sources */ = {isa = PBXBuildFile; fileRef = 36C4F359257F294700C015C6 /* MovieItem.swift */; };
		36C4F369257F62EF00C015C6 /* MoviesListViewModel.swift in Sources */ = {isa = PBXBuildFile; fileRef = 36C4F368257F62EF00C015C6 /* MoviesListViewModel.swift */; };
		36C4F36D2580764C00C015C6 /* MovieItemCollectionViewCell.swift in Sources */ = {isa = PBXBuildFile; fileRef = 36C4F36C2580764C00C015C6 /* MovieItemCollectionViewCell.swift */; };
		36C4F3782580E53700C015C6 /* MoviesListViewModel.swift in Sources */ = {isa = PBXBuildFile; fileRef = 36C4F368257F62EF00C015C6 /* MoviesListViewModel.swift */; };
		36C4F37B2580ED3A00C015C6 /* MoviesListViewModel2_tests.swift in Sources */ = {isa = PBXBuildFile; fileRef = 36C4F37A2580ED3A00C015C6 /* MoviesListViewModel2_tests.swift */; };
		36C4F37D2580EF5C00C015C6 /* UIImageView + Extensions.swift in Sources */ = {isa = PBXBuildFile; fileRef = 36C4F37C2580EF5C00C015C6 /* UIImageView + Extensions.swift */; };
		36C4F37F2581010B00C015C6 /* MovieDetailViewController.swift in Sources */ = {isa = PBXBuildFile; fileRef = 36C4F37E2581010B00C015C6 /* MovieDetailViewController.swift */; };
		36C4F3812581526A00C015C6 /* PhotoMovieItemTableViewCell.swift in Sources */ = {isa = PBXBuildFile; fileRef = 36C4F3802581526A00C015C6 /* PhotoMovieItemTableViewCell.swift */; };
		36C4F3862581551300C015C6 /* InfoMovieItemTableViewCell.swift in Sources */ = {isa = PBXBuildFile; fileRef = 36C4F3852581551300C015C6 /* InfoMovieItemTableViewCell.swift */; };
		36C4F3882581553700C015C6 /* DescriptionMovieItemTableViewCell.swift in Sources */ = {isa = PBXBuildFile; fileRef = 36C4F3872581553700C015C6 /* DescriptionMovieItemTableViewCell.swift */; };
		36C4F38A2581775800C015C6 /* Detail.storyboard in Resources */ = {isa = PBXBuildFile; fileRef = 36C4F3892581775800C015C6 /* Detail.storyboard */; };
		36C4F38C258187D200C015C6 /* UITexView + Extensions.swift in Sources */ = {isa = PBXBuildFile; fileRef = 36C4F38B258187D200C015C6 /* UITexView + Extensions.swift */; };
		36C4F38E258188C600C015C6 /* Colors.xcassets in Resources */ = {isa = PBXBuildFile; fileRef = 36C4F38D258188C600C015C6 /* Colors.xcassets */; };
		36C4F3912581894200C015C6 /* Colors.swift in Sources */ = {isa = PBXBuildFile; fileRef = 36C4F3902581894200C015C6 /* Colors.swift */; };
		36C4F3932581946400C015C6 /* Alert.swift in Sources */ = {isa = PBXBuildFile; fileRef = 36C4F3922581946400C015C6 /* Alert.swift */; };
		36C4F3982581984300C015C6 /* NetworkManager_tests.swift in Sources */ = {isa = PBXBuildFile; fileRef = 36C4F355257F19AF00C015C6 /* NetworkManager_tests.swift */; };
/* End PBXBuildFile section */

/* Begin PBXContainerItemProxy section */
		36C4F33F257F018E00C015C6 /* PBXContainerItemProxy */ = {
			isa = PBXContainerItemProxy;
			containerPortal = 36C4F320257F018B00C015C6 /* Project object */;
			proxyType = 1;
			remoteGlobalIDString = 36C4F327257F018B00C015C6;
			remoteInfo = "Sky-Mobile-Test";
		};
/* End PBXContainerItemProxy section */

/* Begin PBXFileReference section */
		36C4F328257F018B00C015C6 /* Sky-Mobile-Test.app */ = {isa = PBXFileReference; explicitFileType = wrapper.application; includeInIndex = 0; path = "Sky-Mobile-Test.app"; sourceTree = BUILT_PRODUCTS_DIR; };
		36C4F32B257F018B00C015C6 /* AppDelegate.swift */ = {isa = PBXFileReference; lastKnownFileType = sourcecode.swift; path = AppDelegate.swift; sourceTree = "<group>"; };
		36C4F32D257F018B00C015C6 /* SceneDelegate.swift */ = {isa = PBXFileReference; lastKnownFileType = sourcecode.swift; path = SceneDelegate.swift; sourceTree = "<group>"; };
		36C4F32F257F018B00C015C6 /* MoviesListController.swift */ = {isa = PBXFileReference; lastKnownFileType = sourcecode.swift; path = MoviesListController.swift; sourceTree = "<group>"; };
		36C4F332257F018B00C015C6 /* Base */ = {isa = PBXFileReference; lastKnownFileType = file.storyboard; name = Base; path = Base.lproj/Main.storyboard; sourceTree = "<group>"; };
		36C4F334257F018E00C015C6 /* Assets.xcassets */ = {isa = PBXFileReference; lastKnownFileType = folder.assetcatalog; path = Assets.xcassets; sourceTree = "<group>"; };
		36C4F337257F018E00C015C6 /* Base */ = {isa = PBXFileReference; lastKnownFileType = file.storyboard; name = Base; path = Base.lproj/LaunchScreen.storyboard; sourceTree = "<group>"; };
		36C4F339257F018E00C015C6 /* Info.plist */ = {isa = PBXFileReference; lastKnownFileType = text.plist.xml; path = Info.plist; sourceTree = "<group>"; };
		36C4F33E257F018E00C015C6 /* Sky-Mobile-TestTests.xctest */ = {isa = PBXFileReference; explicitFileType = wrapper.cfbundle; includeInIndex = 0; path = "Sky-Mobile-TestTests.xctest"; sourceTree = BUILT_PRODUCTS_DIR; };
		36C4F344257F018E00C015C6 /* Info.plist */ = {isa = PBXFileReference; lastKnownFileType = text.plist.xml; path = Info.plist; sourceTree = "<group>"; };
		36C4F34E257F099700C015C6 /* NetworkManager.swift */ = {isa = PBXFileReference; lastKnownFileType = sourcecode.swift; path = NetworkManager.swift; sourceTree = "<group>"; };
		36C4F350257F09F300C015C6 /* EndPoints.swift */ = {isa = PBXFileReference; lastKnownFileType = sourcecode.swift; path = EndPoints.swift; sourceTree = "<group>"; };
		36C4F352257F0AF800C015C6 /* NetworkError.swift */ = {isa = PBXFileReference; lastKnownFileType = sourcecode.swift; path = NetworkError.swift; sourceTree = "<group>"; };
		36C4F354257F19AE00C015C6 /* Sky-Mobile-TestTests-Bridging-Header.h */ = {isa = PBXFileReference; lastKnownFileType = sourcecode.c.h; path = "Sky-Mobile-TestTests-Bridging-Header.h"; sourceTree = "<group>"; };
		36C4F355257F19AF00C015C6 /* NetworkManager_tests.swift */ = {isa = PBXFileReference; lastKnownFileType = sourcecode.swift; path = NetworkManager_tests.swift; sourceTree = "<group>"; };
		36C4F359257F294700C015C6 /* MovieItem.swift */ = {isa = PBXFileReference; lastKnownFileType = sourcecode.swift; path = MovieItem.swift; sourceTree = "<group>"; };
		36C4F35B257F2DB400C015C6 /* MoviesList.json */ = {isa = PBXFileReference; lastKnownFileType = text.json; path = MoviesList.json; sourceTree = "<group>"; };
		36C4F35D257F2F6800C015C6 /* MovieItem_tests.swift */ = {isa = PBXFileReference; lastKnownFileType = sourcecode.swift; path = MovieItem_tests.swift; sourceTree = "<group>"; };
		36C4F360257F3DF800C015C6 /* NetworkSessionProtocol.swift */ = {isa = PBXFileReference; lastKnownFileType = sourcecode.swift; path = NetworkSessionProtocol.swift; sourceTree = "<group>"; };
		36C4F362257F3E2B00C015C6 /* URLSessionMock.swift */ = {isa = PBXFileReference; lastKnownFileType = sourcecode.swift; path = URLSessionMock.swift; sourceTree = "<group>"; };
		36C4F364257F3E6900C015C6 /* URLSession + Extensions.swift */ = {isa = PBXFileReference; lastKnownFileType = sourcecode.swift; path = "URLSession + Extensions.swift"; sourceTree = "<group>"; };
		36C4F368257F62EF00C015C6 /* MoviesListViewModel.swift */ = {isa = PBXFileReference; lastKnownFileType = sourcecode.swift; path = MoviesListViewModel.swift; sourceTree = "<group>"; };
		36C4F36C2580764C00C015C6 /* MovieItemCollectionViewCell.swift */ = {isa = PBXFileReference; lastKnownFileType = sourcecode.swift; path = MovieItemCollectionViewCell.swift; sourceTree = "<group>"; };
		36C4F37A2580ED3A00C015C6 /* MoviesListViewModel2_tests.swift */ = {isa = PBXFileReference; lastKnownFileType = sourcecode.swift; path = MoviesListViewModel2_tests.swift; sourceTree = "<group>"; };
		36C4F37C2580EF5C00C015C6 /* UIImageView + Extensions.swift */ = {isa = PBXFileReference; lastKnownFileType = sourcecode.swift; path = "UIImageView + Extensions.swift"; sourceTree = "<group>"; };
		36C4F37E2581010B00C015C6 /* MovieDetailViewController.swift */ = {isa = PBXFileReference; lastKnownFileType = sourcecode.swift; path = MovieDetailViewController.swift; sourceTree = "<group>"; };
		36C4F3802581526A00C015C6 /* PhotoMovieItemTableViewCell.swift */ = {isa = PBXFileReference; lastKnownFileType = sourcecode.swift; path = PhotoMovieItemTableViewCell.swift; sourceTree = "<group>"; };
		36C4F3852581551300C015C6 /* InfoMovieItemTableViewCell.swift */ = {isa = PBXFileReference; lastKnownFileType = sourcecode.swift; path = InfoMovieItemTableViewCell.swift; sourceTree = "<group>"; };
		36C4F3872581553700C015C6 /* DescriptionMovieItemTableViewCell.swift */ = {isa = PBXFileReference; lastKnownFileType = sourcecode.swift; path = DescriptionMovieItemTableViewCell.swift; sourceTree = "<group>"; };
		36C4F3892581775800C015C6 /* Detail.storyboard */ = {isa = PBXFileReference; lastKnownFileType = file.storyboard; path = Detail.storyboard; sourceTree = "<group>"; };
		36C4F38B258187D200C015C6 /* UITexView + Extensions.swift */ = {isa = PBXFileReference; lastKnownFileType = sourcecode.swift; path = "UITexView + Extensions.swift"; sourceTree = "<group>"; };
		36C4F38D258188C600C015C6 /* Colors.xcassets */ = {isa = PBXFileReference; lastKnownFileType = folder.assetcatalog; path = Colors.xcassets; sourceTree = "<group>"; };
		36C4F3902581894200C015C6 /* Colors.swift */ = {isa = PBXFileReference; lastKnownFileType = sourcecode.swift; path = Colors.swift; sourceTree = "<group>"; };
		36C4F3922581946400C015C6 /* Alert.swift */ = {isa = PBXFileReference; lastKnownFileType = sourcecode.swift; path = Alert.swift; sourceTree = "<group>"; };
/* End PBXFileReference section */

/* Begin PBXFrameworksBuildPhase section */
		36C4F325257F018B00C015C6 /* Frameworks */ = {
			isa = PBXFrameworksBuildPhase;
			buildActionMask = 2147483647;
			files = (
			);
			runOnlyForDeploymentPostprocessing = 0;
		};
		36C4F33B257F018E00C015C6 /* Frameworks */ = {
			isa = PBXFrameworksBuildPhase;
			buildActionMask = 2147483647;
			files = (
			);
			runOnlyForDeploymentPostprocessing = 0;
		};
/* End PBXFrameworksBuildPhase section */

/* Begin PBXGroup section */
		36C4F31F257F018B00C015C6 = {
			isa = PBXGroup;
			children = (
				36C4F32A257F018B00C015C6 /* Sky-Mobile-Test */,
				36C4F341257F018E00C015C6 /* Sky-Mobile-TestTests */,
				36C4F329257F018B00C015C6 /* Products */,
			);
			sourceTree = "<group>";
		};
		36C4F329257F018B00C015C6 /* Products */ = {
			isa = PBXGroup;
			children = (
				36C4F328257F018B00C015C6 /* Sky-Mobile-Test.app */,
				36C4F33E257F018E00C015C6 /* Sky-Mobile-TestTests.xctest */,
			);
			name = Products;
			sourceTree = "<group>";
		};
		36C4F32A257F018B00C015C6 /* Sky-Mobile-Test */ = {
			isa = PBXGroup;
			children = (
				36C4F358257F1CA600C015C6 /* Movies List */,
				36C4F383258154A200C015C6 /* Movie Detail */,
				36C4F34D257F01B700C015C6 /* Supporting Files */,
				36C4F357257F1C8D00C015C6 /* Network */,
				36C4F3822581548E00C015C6 /* Extensions */,
				36C4F366257F3ECC00C015C6 /* Models */,
				36C4F38F2581892900C015C6 /* Theme */,
				36C4F3942581947500C015C6 /* Common */,
			);
			path = "Sky-Mobile-Test";
			sourceTree = "<group>";
		};
		36C4F341257F018E00C015C6 /* Sky-Mobile-TestTests */ = {
			isa = PBXGroup;
			children = (
				36C4F344257F018E00C015C6 /* Info.plist */,
				36C4F355257F19AF00C015C6 /* NetworkManager_tests.swift */,
				36C4F354257F19AE00C015C6 /* Sky-Mobile-TestTests-Bridging-Header.h */,
				36C4F35D257F2F6800C015C6 /* MovieItem_tests.swift */,
				36C4F37A2580ED3A00C015C6 /* MoviesListViewModel2_tests.swift */,
			);
			path = "Sky-Mobile-TestTests";
			sourceTree = "<group>";
		};
		36C4F34D257F01B700C015C6 /* Supporting Files */ = {
			isa = PBXGroup;
			children = (
				36C4F32B257F018B00C015C6 /* AppDelegate.swift */,
				36C4F32D257F018B00C015C6 /* SceneDelegate.swift */,
				36C4F334257F018E00C015C6 /* Assets.xcassets */,
				36C4F336257F018E00C015C6 /* LaunchScreen.storyboard */,
				36C4F339257F018E00C015C6 /* Info.plist */,
			);
			path = "Supporting Files";
			sourceTree = "<group>";
		};
		36C4F357257F1C8D00C015C6 /* Network */ = {
			isa = PBXGroup;
			children = (
				36C4F34E257F099700C015C6 /* NetworkManager.swift */,
				36C4F350257F09F300C015C6 /* EndPoints.swift */,
				36C4F352257F0AF800C015C6 /* NetworkError.swift */,
				36C4F35B257F2DB400C015C6 /* MoviesList.json */,
				36C4F360257F3DF800C015C6 /* NetworkSessionProtocol.swift */,
				36C4F362257F3E2B00C015C6 /* URLSessionMock.swift */,
				36C4F364257F3E6900C015C6 /* URLSession + Extensions.swift */,
			);
			path = Network;
			sourceTree = "<group>";
		};
		36C4F358257F1CA600C015C6 /* Movies List */ = {
			isa = PBXGroup;
			children = (
				36C4F32F257F018B00C015C6 /* MoviesListController.swift */,
				36C4F331257F018B00C015C6 /* Main.storyboard */,
				36C4F368257F62EF00C015C6 /* MoviesListViewModel.swift */,
				36C4F36C2580764C00C015C6 /* MovieItemCollectionViewCell.swift */,
			);
			path = "Movies List";
			sourceTree = "<group>";
		};
		36C4F366257F3ECC00C015C6 /* Models */ = {
			isa = PBXGroup;
			children = (
				36C4F359257F294700C015C6 /* MovieItem.swift */,
			);
			path = Models;
			sourceTree = "<group>";
		};
		36C4F3822581548E00C015C6 /* Extensions */ = {
			isa = PBXGroup;
			children = (
				36C4F37C2580EF5C00C015C6 /* UIImageView + Extensions.swift */,
				36C4F38B258187D200C015C6 /* UITexView + Extensions.swift */,
			);
			path = Extensions;
			sourceTree = "<group>";
		};
		36C4F383258154A200C015C6 /* Movie Detail */ = {
			isa = PBXGroup;
			children = (
				36C4F3892581775800C015C6 /* Detail.storyboard */,
				36C4F37E2581010B00C015C6 /* MovieDetailViewController.swift */,
				36C4F384258154BA00C015C6 /* Cells */,
			);
			path = "Movie Detail";
			sourceTree = "<group>";
		};
		36C4F384258154BA00C015C6 /* Cells */ = {
			isa = PBXGroup;
			children = (
				36C4F3802581526A00C015C6 /* PhotoMovieItemTableViewCell.swift */,
				36C4F3852581551300C015C6 /* InfoMovieItemTableViewCell.swift */,
				36C4F3872581553700C015C6 /* DescriptionMovieItemTableViewCell.swift */,
			);
			path = Cells;
			sourceTree = "<group>";
		};
		36C4F38F2581892900C015C6 /* Theme */ = {
			isa = PBXGroup;
			children = (
				36C4F38D258188C600C015C6 /* Colors.xcassets */,
				36C4F3902581894200C015C6 /* Colors.swift */,
			);
			path = Theme;
			sourceTree = "<group>";
		};
		36C4F3942581947500C015C6 /* Common */ = {
			isa = PBXGroup;
			children = (
				36C4F3922581946400C015C6 /* Alert.swift */,
			);
			path = Common;
			sourceTree = "<group>";
		};
/* End PBXGroup section */

/* Begin PBXNativeTarget section */
		36C4F327257F018B00C015C6 /* Sky-Mobile-Test */ = {
			isa = PBXNativeTarget;
			buildConfigurationList = 36C4F347257F018E00C015C6 /* Build configuration list for PBXNativeTarget "Sky-Mobile-Test" */;
			buildPhases = (
				36C4F324257F018B00C015C6 /* Sources */,
				36C4F325257F018B00C015C6 /* Frameworks */,
				36C4F326257F018B00C015C6 /* Resources */,
			);
			buildRules = (
			);
			dependencies = (
			);
			name = "Sky-Mobile-Test";
			productName = "Sky-Mobile-Test";
			productReference = 36C4F328257F018B00C015C6 /* Sky-Mobile-Test.app */;
			productType = "com.apple.product-type.application";
		};
		36C4F33D257F018E00C015C6 /* Sky-Mobile-TestTests */ = {
			isa = PBXNativeTarget;
			buildConfigurationList = 36C4F34A257F018E00C015C6 /* Build configuration list for PBXNativeTarget "Sky-Mobile-TestTests" */;
			buildPhases = (
				36C4F33A257F018E00C015C6 /* Sources */,
				36C4F33B257F018E00C015C6 /* Frameworks */,
				36C4F33C257F018E00C015C6 /* Resources */,
			);
			buildRules = (
			);
			dependencies = (
				36C4F340257F018E00C015C6 /* PBXTargetDependency */,
			);
			name = "Sky-Mobile-TestTests";
			productName = "Sky-Mobile-TestTests";
			productReference = 36C4F33E257F018E00C015C6 /* Sky-Mobile-TestTests.xctest */;
			productType = "com.apple.product-type.bundle.unit-test";
		};
/* End PBXNativeTarget section */

/* Begin PBXProject section */
		36C4F320257F018B00C015C6 /* Project object */ = {
			isa = PBXProject;
			attributes = {
				LastSwiftUpdateCheck = 1160;
				LastUpgradeCheck = 1160;
				ORGANIZATIONNAME = "Denis Fortuna";
				TargetAttributes = {
					36C4F327257F018B00C015C6 = {
						CreatedOnToolsVersion = 11.6;
					};
					36C4F33D257F018E00C015C6 = {
						CreatedOnToolsVersion = 11.6;
						LastSwiftMigration = 1160;
						TestTargetID = 36C4F327257F018B00C015C6;
					};
				};
			};
			buildConfigurationList = 36C4F323257F018B00C015C6 /* Build configuration list for PBXProject "Sky-Mobile-Test" */;
			compatibilityVersion = "Xcode 9.3";
			developmentRegion = en;
			hasScannedForEncodings = 0;
			knownRegions = (
				en,
				Base,
			);
			mainGroup = 36C4F31F257F018B00C015C6;
			productRefGroup = 36C4F329257F018B00C015C6 /* Products */;
			projectDirPath = "";
			projectRoot = "";
			targets = (
				36C4F327257F018B00C015C6 /* Sky-Mobile-Test */,
				36C4F33D257F018E00C015C6 /* Sky-Mobile-TestTests */,
			);
		};
/* End PBXProject section */

/* Begin PBXResourcesBuildPhase section */
		36C4F326257F018B00C015C6 /* Resources */ = {
			isa = PBXResourcesBuildPhase;
			buildActionMask = 2147483647;
			files = (
				36C4F338257F018E00C015C6 /* LaunchScreen.storyboard in Resources */,
				36C4F335257F018E00C015C6 /* Assets.xcassets in Resources */,
				36C4F35C257F2DB400C015C6 /* MoviesList.json in Resources */,
				36C4F38E258188C600C015C6 /* Colors.xcassets in Resources */,
				36C4F38A2581775800C015C6 /* Detail.storyboard in Resources */,
				36C4F333257F018B00C015C6 /* Main.storyboard in Resources */,
			);
			runOnlyForDeploymentPostprocessing = 0;
		};
		36C4F33C257F018E00C015C6 /* Resources */ = {
			isa = PBXResourcesBuildPhase;
			buildActionMask = 2147483647;
			files = (
			);
			runOnlyForDeploymentPostprocessing = 0;
		};
/* End PBXResourcesBuildPhase section */

/* Begin PBXSourcesBuildPhase section */
		36C4F324257F018B00C015C6 /* Sources */ = {
			isa = PBXSourcesBuildPhase;
			buildActionMask = 2147483647;
			files = (
				36C4F3812581526A00C015C6 /* PhotoMovieItemTableViewCell.swift in Sources */,
				36C4F363257F3E2B00C015C6 /* URLSessionMock.swift in Sources */,
				36C4F3862581551300C015C6 /* InfoMovieItemTableViewCell.swift in Sources */,
				36C4F365257F3E6900C015C6 /* URLSession + Extensions.swift in Sources */,
				36C4F34F257F099700C015C6 /* NetworkManager.swift in Sources */,
				36C4F367257F470400C015C6 /* MovieItem.swift in Sources */,
				36C4F37F2581010B00C015C6 /* MovieDetailViewController.swift in Sources */,
				36C4F3882581553700C015C6 /* DescriptionMovieItemTableViewCell.swift in Sources */,
				36C4F361257F3DF800C015C6 /* NetworkSessionProtocol.swift in Sources */,
				36C4F351257F09F300C015C6 /* EndPoints.swift in Sources */,
				36C4F330257F018B00C015C6 /* MoviesListController.swift in Sources */,
				36C4F353257F0AF800C015C6 /* NetworkError.swift in Sources */,
				36C4F3912581894200C015C6 /* Colors.swift in Sources */,
				36C4F37D2580EF5C00C015C6 /* UIImageView + Extensions.swift in Sources */,
				36C4F369257F62EF00C015C6 /* MoviesListViewModel.swift in Sources */,
				36C4F38C258187D200C015C6 /* UITexView + Extensions.swift in Sources */,
				36C4F32C257F018B00C015C6 /* AppDelegate.swift in Sources */,
				36C4F36D2580764C00C015C6 /* MovieItemCollectionViewCell.swift in Sources */,
				36C4F3932581946400C015C6 /* Alert.swift in Sources */,
				36C4F32E257F018B00C015C6 /* SceneDelegate.swift in Sources */,
			);
			runOnlyForDeploymentPostprocessing = 0;
		};
		36C4F33A257F018E00C015C6 /* Sources */ = {
			isa = PBXSourcesBuildPhase;
			buildActionMask = 2147483647;
			files = (
				36C4F3982581984300C015C6 /* NetworkManager_tests.swift in Sources */,
				36C4F3782580E53700C015C6 /* MoviesListViewModel.swift in Sources */,
				36C4F35F257F3B3D00C015C6 /* MovieItem.swift in Sources */,
				36C4F35E257F2F6800C015C6 /* MovieItem_tests.swift in Sources */,
				36C4F37B2580ED3A00C015C6 /* MoviesListViewModel2_tests.swift in Sources */,
			);
			runOnlyForDeploymentPostprocessing = 0;
		};
/* End PBXSourcesBuildPhase section */

/* Begin PBXTargetDependency section */
		36C4F340257F018E00C015C6 /* PBXTargetDependency */ = {
			isa = PBXTargetDependency;
			target = 36C4F327257F018B00C015C6 /* Sky-Mobile-Test */;
			targetProxy = 36C4F33F257F018E00C015C6 /* PBXContainerItemProxy */;
		};
/* End PBXTargetDependency section */

/* Begin PBXVariantGroup section */
		36C4F331257F018B00C015C6 /* Main.storyboard */ = {
			isa = PBXVariantGroup;
			children = (
				36C4F332257F018B00C015C6 /* Base */,
			);
			name = Main.storyboard;
			sourceTree = "<group>";
		};
		36C4F336257F018E00C015C6 /* LaunchScreen.storyboard */ = {
			isa = PBXVariantGroup;
			children = (
				36C4F337257F018E00C015C6 /* Base */,
			);
			name = LaunchScreen.storyboard;
			sourceTree = "<group>";
		};
/* End PBXVariantGroup section */

/* Begin XCBuildConfiguration section */
		36C4F345257F018E00C015C6 /* Debug */ = {
			isa = XCBuildConfiguration;
			buildSettings = {
				ALWAYS_SEARCH_USER_PATHS = NO;
				CLANG_ANALYZER_NONNULL = YES;
				CLANG_ANALYZER_NUMBER_OBJECT_CONVERSION = YES_AGGRESSIVE;
				CLANG_CXX_LANGUAGE_STANDARD = "gnu++14";
				CLANG_CXX_LIBRARY = "libc++";
				CLANG_ENABLE_MODULES = YES;
				CLANG_ENABLE_OBJC_ARC = YES;
				CLANG_ENABLE_OBJC_WEAK = YES;
				CLANG_WARN_BLOCK_CAPTURE_AUTORELEASING = YES;
				CLANG_WARN_BOOL_CONVERSION = YES;
				CLANG_WARN_COMMA = YES;
				CLANG_WARN_CONSTANT_CONVERSION = YES;
				CLANG_WARN_DEPRECATED_OBJC_IMPLEMENTATIONS = YES;
				CLANG_WARN_DIRECT_OBJC_ISA_USAGE = YES_ERROR;
				CLANG_WARN_DOCUMENTATION_COMMENTS = YES;
				CLANG_WARN_EMPTY_BODY = YES;
				CLANG_WARN_ENUM_CONVERSION = YES;
				CLANG_WARN_INFINITE_RECURSION = YES;
				CLANG_WARN_INT_CONVERSION = YES;
				CLANG_WARN_NON_LITERAL_NULL_CONVERSION = YES;
				CLANG_WARN_OBJC_IMPLICIT_RETAIN_SELF = YES;
				CLANG_WARN_OBJC_LITERAL_CONVERSION = YES;
				CLANG_WARN_OBJC_ROOT_CLASS = YES_ERROR;
				CLANG_WARN_RANGE_LOOP_ANALYSIS = YES;
				CLANG_WARN_STRICT_PROTOTYPES = YES;
				CLANG_WARN_SUSPICIOUS_MOVE = YES;
				CLANG_WARN_UNGUARDED_AVAILABILITY = YES_AGGRESSIVE;
				CLANG_WARN_UNREACHABLE_CODE = YES;
				CLANG_WARN__DUPLICATE_METHOD_MATCH = YES;
				COPY_PHASE_STRIP = NO;
				DEBUG_INFORMATION_FORMAT = dwarf;
				ENABLE_STRICT_OBJC_MSGSEND = YES;
				ENABLE_TESTABILITY = YES;
				GCC_C_LANGUAGE_STANDARD = gnu11;
				GCC_DYNAMIC_NO_PIC = NO;
				GCC_NO_COMMON_BLOCKS = YES;
				GCC_OPTIMIZATION_LEVEL = 0;
				GCC_PREPROCESSOR_DEFINITIONS = (
					"DEBUG=1",
					"$(inherited)",
				);
				GCC_WARN_64_TO_32_BIT_CONVERSION = YES;
				GCC_WARN_ABOUT_RETURN_TYPE = YES_ERROR;
				GCC_WARN_UNDECLARED_SELECTOR = YES;
				GCC_WARN_UNINITIALIZED_AUTOS = YES_AGGRESSIVE;
				GCC_WARN_UNUSED_FUNCTION = YES;
				GCC_WARN_UNUSED_VARIABLE = YES;
				IPHONEOS_DEPLOYMENT_TARGET = 13.6;
				MTL_ENABLE_DEBUG_INFO = INCLUDE_SOURCE;
				MTL_FAST_MATH = YES;
				ONLY_ACTIVE_ARCH = YES;
				SDKROOT = iphoneos;
				SWIFT_ACTIVE_COMPILATION_CONDITIONS = DEBUG;
				SWIFT_OPTIMIZATION_LEVEL = "-Onone";
			};
			name = Debug;
		};
		36C4F346257F018E00C015C6 /* Release */ = {
			isa = XCBuildConfiguration;
			buildSettings = {
				ALWAYS_SEARCH_USER_PATHS = NO;
				CLANG_ANALYZER_NONNULL = YES;
				CLANG_ANALYZER_NUMBER_OBJECT_CONVERSION = YES_AGGRESSIVE;
				CLANG_CXX_LANGUAGE_STANDARD = "gnu++14";
				CLANG_CXX_LIBRARY = "libc++";
				CLANG_ENABLE_MODULES = YES;
				CLANG_ENABLE_OBJC_ARC = YES;
				CLANG_ENABLE_OBJC_WEAK = YES;
				CLANG_WARN_BLOCK_CAPTURE_AUTORELEASING = YES;
				CLANG_WARN_BOOL_CONVERSION = YES;
				CLANG_WARN_COMMA = YES;
				CLANG_WARN_CONSTANT_CONVERSION = YES;
				CLANG_WARN_DEPRECATED_OBJC_IMPLEMENTATIONS = YES;
				CLANG_WARN_DIRECT_OBJC_ISA_USAGE = YES_ERROR;
				CLANG_WARN_DOCUMENTATION_COMMENTS = YES;
				CLANG_WARN_EMPTY_BODY = YES;
				CLANG_WARN_ENUM_CONVERSION = YES;
				CLANG_WARN_INFINITE_RECURSION = YES;
				CLANG_WARN_INT_CONVERSION = YES;
				CLANG_WARN_NON_LITERAL_NULL_CONVERSION = YES;
				CLANG_WARN_OBJC_IMPLICIT_RETAIN_SELF = YES;
				CLANG_WARN_OBJC_LITERAL_CONVERSION = YES;
				CLANG_WARN_OBJC_ROOT_CLASS = YES_ERROR;
				CLANG_WARN_RANGE_LOOP_ANALYSIS = YES;
				CLANG_WARN_STRICT_PROTOTYPES = YES;
				CLANG_WARN_SUSPICIOUS_MOVE = YES;
				CLANG_WARN_UNGUARDED_AVAILABILITY = YES_AGGRESSIVE;
				CLANG_WARN_UNREACHABLE_CODE = YES;
				CLANG_WARN__DUPLICATE_METHOD_MATCH = YES;
				COPY_PHASE_STRIP = NO;
				DEBUG_INFORMATION_FORMAT = "dwarf-with-dsym";
				ENABLE_NS_ASSERTIONS = NO;
				ENABLE_STRICT_OBJC_MSGSEND = YES;
				GCC_C_LANGUAGE_STANDARD = gnu11;
				GCC_NO_COMMON_BLOCKS = YES;
				GCC_WARN_64_TO_32_BIT_CONVERSION = YES;
				GCC_WARN_ABOUT_RETURN_TYPE = YES_ERROR;
				GCC_WARN_UNDECLARED_SELECTOR = YES;
				GCC_WARN_UNINITIALIZED_AUTOS = YES_AGGRESSIVE;
				GCC_WARN_UNUSED_FUNCTION = YES;
				GCC_WARN_UNUSED_VARIABLE = YES;
				IPHONEOS_DEPLOYMENT_TARGET = 13.6;
				MTL_ENABLE_DEBUG_INFO = NO;
				MTL_FAST_MATH = YES;
				SDKROOT = iphoneos;
				SWIFT_COMPILATION_MODE = wholemodule;
				SWIFT_OPTIMIZATION_LEVEL = "-O";
				VALIDATE_PRODUCT = YES;
			};
			name = Release;
		};
		36C4F348257F018E00C015C6 /* Debug */ = {
			isa = XCBuildConfiguration;
			buildSettings = {
				ASSETCATALOG_COMPILER_APPICON_NAME = AppIcon;
				CODE_SIGN_STYLE = Automatic;
				DEVELOPMENT_TEAM = 47SHVH7P47;
				INFOPLIST_FILE = "Sky-Mobile-Test/Supporting Files/Info.plist";
				LD_RUNPATH_SEARCH_PATHS = (
					"$(inherited)",
					"@executable_path/Frameworks",
				);
				PRODUCT_BUNDLE_IDENTIFIER = "None.Sky-Mobile-Test";
				PRODUCT_NAME = "$(TARGET_NAME)";
				SWIFT_VERSION = 5.0;
				TARGETED_DEVICE_FAMILY = "1,2";
			};
			name = Debug;
		};
		36C4F349257F018E00C015C6 /* Release */ = {
			isa = XCBuildConfiguration;
			buildSettings = {
				ASSETCATALOG_COMPILER_APPICON_NAME = AppIcon;
				CODE_SIGN_STYLE = Automatic;
				DEVELOPMENT_TEAM = 47SHVH7P47;
				INFOPLIST_FILE = "Sky-Mobile-Test/Supporting Files/Info.plist";
				LD_RUNPATH_SEARCH_PATHS = (
					"$(inherited)",
					"@executable_path/Frameworks",
				);
				PRODUCT_BUNDLE_IDENTIFIER = "None.Sky-Mobile-Test";
				PRODUCT_NAME = "$(TARGET_NAME)";
				SWIFT_VERSION = 5.0;
				TARGETED_DEVICE_FAMILY = "1,2";
			};
			name = Release;
		};
		36C4F34B257F018E00C015C6 /* Debug */ = {
			isa = XCBuildConfiguration;
			buildSettings = {
				ALWAYS_EMBED_SWIFT_STANDARD_LIBRARIES = YES;
				BUNDLE_LOADER = "$(TEST_HOST)";
				CLANG_ENABLE_MODULES = YES;
				CODE_SIGN_STYLE = Automatic;
				DEVELOPMENT_TEAM = 47SHVH7P47;
				INFOPLIST_FILE = "Sky-Mobile-TestTests/Info.plist";
				IPHONEOS_DEPLOYMENT_TARGET = 13.6;
				LD_RUNPATH_SEARCH_PATHS = (
					"$(inherited)",
					"@executable_path/Frameworks",
					"@loader_path/Frameworks",
				);
				PRODUCT_BUNDLE_IDENTIFIER = "None.Sky-Mobile-TestTests";
				PRODUCT_NAME = "$(TARGET_NAME)";
				SWIFT_OBJC_BRIDGING_HEADER = "Sky-Mobile-TestTests/Sky-Mobile-TestTests-Bridging-Header.h";
				SWIFT_OPTIMIZATION_LEVEL = "-Onone";
				SWIFT_VERSION = 5.0;
				TARGETED_DEVICE_FAMILY = "1,2";
				TEST_HOST = "$(BUILT_PRODUCTS_DIR)/Sky-Mobile-Test.app/Sky-Mobile-Test";
			};
			name = Debug;
		};
		36C4F34C257F018E00C015C6 /* Release */ = {
			isa = XCBuildConfiguration;
			buildSettings = {
				ALWAYS_EMBED_SWIFT_STANDARD_LIBRARIES = YES;
				BUNDLE_LOADER = "$(TEST_HOST)";
				CLANG_ENABLE_MODULES = YES;
				CODE_SIGN_STYLE = Automatic;
				DEVELOPMENT_TEAM = 47SHVH7P47;
				INFOPLIST_FILE = "Sky-Mobile-TestTests/Info.plist";
				IPHONEOS_DEPLOYMENT_TARGET = 13.6;
				LD_RUNPATH_SEARCH_PATHS = (
					"$(inherited)",
					"@executable_path/Frameworks",
					"@loader_path/Frameworks",
				);
				PRODUCT_BUNDLE_IDENTIFIER = "None.Sky-Mobile-TestTests";
				PRODUCT_NAME = "$(TARGET_NAME)";
				SWIFT_OBJC_BRIDGING_HEADER = "Sky-Mobile-TestTests/Sky-Mobile-TestTests-Bridging-Header.h";
				SWIFT_VERSION = 5.0;
				TARGETED_DEVICE_FAMILY = "1,2";
				TEST_HOST = "$(BUILT_PRODUCTS_DIR)/Sky-Mobile-Test.app/Sky-Mobile-Test";
			};
			name = Release;
		};
/* End XCBuildConfiguration section */

/* Begin XCConfigurationList section */
		36C4F323257F018B00C015C6 /* Build configuration list for PBXProject "Sky-Mobile-Test" */ = {
			isa = XCConfigurationList;
			buildConfigurations = (
				36C4F345257F018E00C015C6 /* Debug */,
				36C4F346257F018E00C015C6 /* Release */,
			);
			defaultConfigurationIsVisible = 0;
			defaultConfigurationName = Release;
		};
		36C4F347257F018E00C015C6 /* Build configuration list for PBXNativeTarget "Sky-Mobile-Test" */ = {
			isa = XCConfigurationList;
			buildConfigurations = (
				36C4F348257F018E00C015C6 /* Debug */,
				36C4F349257F018E00C015C6 /* Release */,
			);
			defaultConfigurationIsVisible = 0;
			defaultConfigurationName = Release;
		};
		36C4F34A257F018E00C015C6 /* Build configuration list for PBXNativeTarget "Sky-Mobile-TestTests" */ = {
			isa = XCConfigurationList;
			buildConfigurations = (
				36C4F34B257F018E00C015C6 /* Debug */,
				36C4F34C257F018E00C015C6 /* Release */,
			);
			defaultConfigurationIsVisible = 0;
			defaultConfigurationName = Release;
		};
/* End XCConfigurationList section */
	};
	rootObject = 36C4F320257F018B00C015C6 /* Project object */;
}
